
Microsoft Visual Studio Solution File, Format Version 12.00
# Visual Studio Version 16
VisualStudioVersion = 16.0.31019.35
MinimumVisualStudioVersion = 10.0.40219.1
Project("{FAE04EC0-301F-11D3-BF4B-00C04F79EFBC}") = "MVC", "MVC-EF-CRUD-PostgreSQL2\MVC.csproj", "{74534F4D-4ED0-437C-A32A-D5274B447EAA}"
EndProject
Global
	GlobalSection(SolutionConfigurationPlatforms) = preSolution
		Debug|Any CPU = Debug|Any CPU
		Release|Any CPU = Release|Any CPU
	EndGlobalSection
	GlobalSection(ProjectConfigurationPlatforms) = postSolution
		{74534F4D-4ED0-437C-A32A-D5274B447EAA}.Debug|Any CPU.ActiveCfg = Debug|Any CPU
		{74534F4D-4ED0-437C-A32A-D5274B447EAA}.Debug|Any CPU.Build.0 = Debug|Any CPU
		{74534F4D-4ED0-437C-A32A-D5274B447EAA}.Release|Any CPU.ActiveCfg = Release|Any CPU
		{74534F4D-4ED0-437C-A32A-D5274B447EAA}.Release|Any CPU.Build.0 = Release|Any CPU
	EndGlobalSection
	GlobalSection(SolutionProperties) = preSolution
		HideSolutionNode = FALSE
	EndGlobalSection
	GlobalSection(ExtensibilityGlobals) = postSolution
		SolutionGuid = {F6EBC8A1-BD66-4E78-8C72-AA3000668B00}
	EndGlobalSection
EndGlobal
